// !$*UTF8*$!
{
	archiveVersion = 1;
	classes = {
	};
	objectVersion = 46;
	objects = {

/* Begin PBXBuildFile section */
		7F437A96186BC586000A4B82 /* Foundation.framework in Frameworks */ = {isa = PBXBuildFile; fileRef = 7F437A95186BC586000A4B82 /* Foundation.framework */; };
		7F437A98186BC586000A4B82 /* CoreGraphics.framework in Frameworks */ = {isa = PBXBuildFile; fileRef = 7F437A97186BC586000A4B82 /* CoreGraphics.framework */; };
		7F437A9A186BC586000A4B82 /* UIKit.framework in Frameworks */ = {isa = PBXBuildFile; fileRef = 7F437A99186BC586000A4B82 /* UIKit.framework */; };
		7F437AA0186BC586000A4B82 /* InfoPlist.strings in Resources */ = {isa = PBXBuildFile; fileRef = 7F437A9E186BC586000A4B82 /* InfoPlist.strings */; };
		7F437AA2186BC586000A4B82 /* main.m in Sources */ = {isa = PBXBuildFile; fileRef = 7F437AA1186BC586000A4B82 /* main.m */; };
		7F437AA6186BC586000A4B82 /* MyDictionaryAppDelegate.m in Sources */ = {isa = PBXBuildFile; fileRef = 7F437AA5186BC586000A4B82 /* MyDictionaryAppDelegate.m */; };
		7F437AA9186BC586000A4B82 /* Main.storyboard in Resources */ = {isa = PBXBuildFile; fileRef = 7F437AA7186BC586000A4B82 /* Main.storyboard */; };
		7F437AAC186BC586000A4B82 /* MyDictionaryViewController.m in Sources */ = {isa = PBXBuildFile; fileRef = 7F437AAB186BC586000A4B82 /* MyDictionaryViewController.m */; };
		7F437AAE186BC586000A4B82 /* Images.xcassets in Resources */ = {isa = PBXBuildFile; fileRef = 7F437AAD186BC586000A4B82 /* Images.xcassets */; };
		7F437AB5186BC586000A4B82 /* XCTest.framework in Frameworks */ = {isa = PBXBuildFile; fileRef = 7F437AB4186BC586000A4B82 /* XCTest.framework */; };
		7F437AB6186BC586000A4B82 /* Foundation.framework in Frameworks */ = {isa = PBXBuildFile; fileRef = 7F437A95186BC586000A4B82 /* Foundation.framework */; };
		7F437AB7186BC586000A4B82 /* UIKit.framework in Frameworks */ = {isa = PBXBuildFile; fileRef = 7F437A99186BC586000A4B82 /* UIKit.framework */; };
		7F437ABF186BC586000A4B82 /* InfoPlist.strings in Resources */ = {isa = PBXBuildFile; fileRef = 7F437ABD186BC586000A4B82 /* InfoPlist.strings */; };
		7F437AC1186BC586000A4B82 /* DictionaryTests.m in Sources */ = {isa = PBXBuildFile; fileRef = 7F437AC0186BC586000A4B82 /* DictionaryTests.m */; };
/* End PBXBuildFile section */

/* Begin PBXContainerItemProxy section */
		7F437AB8186BC586000A4B82 /* PBXContainerItemProxy */ = {
			isa = PBXContainerItemProxy;
			containerPortal = 7F437A8A186BC586000A4B82 /* Project object */;
			proxyType = 1;
			remoteGlobalIDString = 7F437A91186BC586000A4B82;
			remoteInfo = Dictionary;
		};
/* End PBXContainerItemProxy section */

/* Begin PBXFileReference section */
		7F437A92186BC586000A4B82 /* Dictionary.app */ = {isa = PBXFileReference; explicitFileType = wrapper.application; includeInIndex = 0; path = Dictionary.app; sourceTree = BUILT_PRODUCTS_DIR; };
		7F437A95186BC586000A4B82 /* Foundation.framework */ = {isa = PBXFileReference; lastKnownFileType = wrapper.framework; name = Foundation.framework; path = System/Library/Frameworks/Foundation.framework; sourceTree = SDKROOT; };
		7F437A97186BC586000A4B82 /* CoreGraphics.framework */ = {isa = PBXFileReference; lastKnownFileType = wrapper.framework; name = CoreGraphics.framework; path = System/Library/Frameworks/CoreGraphics.framework; sourceTree = SDKROOT; };
		7F437A99186BC586000A4B82 /* UIKit.framework */ = {isa = PBXFileReference; lastKnownFileType = wrapper.framework; name = UIKit.framework; path = System/Library/Frameworks/UIKit.framework; sourceTree = SDKROOT; };
		7F437A9D186BC586000A4B82 /* Dictionary-Info.plist */ = {isa = PBXFileReference; lastKnownFileType = text.plist.xml; path = "Dictionary-Info.plist"; sourceTree = "<group>"; };
		7F437A9F186BC586000A4B82 /* en */ = {isa = PBXFileReference; lastKnownFileType = text.plist.strings; name = en; path = en.lproj/InfoPlist.strings; sourceTree = "<group>"; };
		7F437AA1186BC586000A4B82 /* main.m */ = {isa = PBXFileReference; lastKnownFileType = sourcecode.c.objc; path = main.m; sourceTree = "<group>"; };
		7F437AA3186BC586000A4B82 /* Dictionary-Prefix.pch */ = {isa = PBXFileReference; lastKnownFileType = sourcecode.c.h; path = "Dictionary-Prefix.pch"; sourceTree = "<group>"; };
		7F437AA4186BC586000A4B82 /* MyDictionaryAppDelegate.h */ = {isa = PBXFileReference; lastKnownFileType = sourcecode.c.h; path = MyDictionaryAppDelegate.h; sourceTree = "<group>"; };
		7F437AA5186BC586000A4B82 /* MyDictionaryAppDelegate.m */ = {isa = PBXFileReference; lastKnownFileType = sourcecode.c.objc; path = MyDictionaryAppDelegate.m; sourceTree = "<group>"; };
		7F437AA8186BC586000A4B82 /* Base */ = {isa = PBXFileReference; lastKnownFileType = file.storyboard; name = Base; path = Base.lproj/Main.storyboard; sourceTree = "<group>"; };
		7F437AAA186BC586000A4B82 /* MyDictionaryViewController.h */ = {isa = PBXFileReference; lastKnownFileType = sourcecode.c.h; path = MyDictionaryViewController.h; sourceTree = "<group>"; };
		7F437AAB186BC586000A4B82 /* MyDictionaryViewController.m */ = {isa = PBXFileReference; lastKnownFileType = sourcecode.c.objc; path = MyDictionaryViewController.m; sourceTree = "<group>"; };
		7F437AAD186BC586000A4B82 /* Images.xcassets */ = {isa = PBXFileReference; lastKnownFileType = folder.assetcatalog; path = Images.xcassets; sourceTree = "<group>"; };
		7F437AB3186BC586000A4B82 /* DictionaryTests.xctest */ = {isa = PBXFileReference; explicitFileType = wrapper.cfbundle; includeInIndex = 0; path = DictionaryTests.xctest; sourceTree = BUILT_PRODUCTS_DIR; };
		7F437AB4186BC586000A4B82 /* XCTest.framework */ = {isa = PBXFileReference; lastKnownFileType = wrapper.framework; name = XCTest.framework; path = Library/Frameworks/XCTest.framework; sourceTree = DEVELOPER_DIR; };
		7F437ABC186BC586000A4B82 /* DictionaryTests-Info.plist */ = {isa = PBXFileReference; lastKnownFileType = text.plist.xml; path = "DictionaryTests-Info.plist"; sourceTree = "<group>"; };
		7F437ABE186BC586000A4B82 /* en */ = {isa = PBXFileReference; lastKnownFileType = text.plist.strings; name = en; path = en.lproj/InfoPlist.strings; sourceTree = "<group>"; };
		7F437AC0186BC586000A4B82 /* DictionaryTests.m */ = {isa = PBXFileReference; lastKnownFileType = sourcecode.c.objc; path = DictionaryTests.m; sourceTree = "<group>"; };
/* End PBXFileReference section */

/* Begin PBXFrameworksBuildPhase section */
		7F437A8F186BC586000A4B82 /* Frameworks */ = {
			isa = PBXFrameworksBuildPhase;
			buildActionMask = 2147483647;
			files = (
				7F437A98186BC586000A4B82 /* CoreGraphics.framework in Frameworks */,
				7F437A9A186BC586000A4B82 /* UIKit.framework in Frameworks */,
				7F437A96186BC586000A4B82 /* Foundation.framework in Frameworks */,
			);
			runOnlyForDeploymentPostprocessing = 0;
		};
		7F437AB0186BC586000A4B82 /* Frameworks */ = {
			isa = PBXFrameworksBuildPhase;
			buildActionMask = 2147483647;
			files = (
				7F437AB5186BC586000A4B82 /* XCTest.framework in Frameworks */,
				7F437AB7186BC586000A4B82 /* UIKit.framework in Frameworks */,
				7F437AB6186BC586000A4B82 /* Foundation.framework in Frameworks */,
			);
			runOnlyForDeploymentPostprocessing = 0;
		};
/* End PBXFrameworksBuildPhase section */

/* Begin PBXGroup section */
		7F437A89186BC586000A4B82 = {
			isa = PBXGroup;
			children = (
				7F437A9B186BC586000A4B82 /* Dictionary */,
				7F437ABA186BC586000A4B82 /* DictionaryTests */,
				7F437A94186BC586000A4B82 /* Frameworks */,
				7F437A93186BC586000A4B82 /* Products */,
			);
			sourceTree = "<group>";
		};
		7F437A93186BC586000A4B82 /* Products */ = {
			isa = PBXGroup;
			children = (
				7F437A92186BC586000A4B82 /* Dictionary.app */,
				7F437AB3186BC586000A4B82 /* DictionaryTests.xctest */,
			);
			name = Products;
			sourceTree = "<group>";
		};
		7F437A94186BC586000A4B82 /* Frameworks */ = {
			isa = PBXGroup;
			children = (
				7F437A95186BC586000A4B82 /* Foundation.framework */,
				7F437A97186BC586000A4B82 /* CoreGraphics.framework */,
				7F437A99186BC586000A4B82 /* UIKit.framework */,
				7F437AB4186BC586000A4B82 /* XCTest.framework */,
			);
			name = Frameworks;
			sourceTree = "<group>";
		};
		7F437A9B186BC586000A4B82 /* Dictionary */ = {
			isa = PBXGroup;
			children = (
				7F437AA4186BC586000A4B82 /* MyDictionaryAppDelegate.h */,
				7F437AA5186BC586000A4B82 /* MyDictionaryAppDelegate.m */,
				7F437AA7186BC586000A4B82 /* Main.storyboard */,
				7F437AAA186BC586000A4B82 /* MyDictionaryViewController.h */,
				7F437AAB186BC586000A4B82 /* MyDictionaryViewController.m */,
				7F437AAD186BC586000A4B82 /* Images.xcassets */,
				7F437A9C186BC586000A4B82 /* Supporting Files */,
			);
			path = Dictionary;
			sourceTree = "<group>";
		};
		7F437A9C186BC586000A4B82 /* Supporting Files */ = {
			isa = PBXGroup;
			children = (
				7F437A9D186BC586000A4B82 /* Dictionary-Info.plist */,
				7F437A9E186BC586000A4B82 /* InfoPlist.strings */,
				7F437AA1186BC586000A4B82 /* main.m */,
				7F437AA3186BC586000A4B82 /* Dictionary-Prefix.pch */,
			);
			name = "Supporting Files";
			sourceTree = "<group>";
		};
		7F437ABA186BC586000A4B82 /* DictionaryTests */ = {
			isa = PBXGroup;
			children = (
				7F437AC0186BC586000A4B82 /* DictionaryTests.m */,
				7F437ABB186BC586000A4B82 /* Supporting Files */,
			);
			path = DictionaryTests;
			sourceTree = "<group>";
		};
		7F437ABB186BC586000A4B82 /* Supporting Files */ = {
			isa = PBXGroup;
			children = (
				7F437ABC186BC586000A4B82 /* DictionaryTests-Info.plist */,
				7F437ABD186BC586000A4B82 /* InfoPlist.strings */,
			);
			name = "Supporting Files";
			sourceTree = "<group>";
		};
/* End PBXGroup section */

/* Begin PBXNativeTarget section */
		7F437A91186BC586000A4B82 /* Dictionary */ = {
			isa = PBXNativeTarget;
			buildConfigurationList = 7F437AC4186BC586000A4B82 /* Build configuration list for PBXNativeTarget "Dictionary" */;
			buildPhases = (
				7F437A8E186BC586000A4B82 /* Sources */,
				7F437A8F186BC586000A4B82 /* Frameworks */,
				7F437A90186BC586000A4B82 /* Resources */,
			);
			buildRules = (
			);
			dependencies = (
			);
			name = Dictionary;
			productName = Dictionary;
			productReference = 7F437A92186BC586000A4B82 /* Dictionary.app */;
			productType = "com.apple.product-type.application";
		};
		7F437AB2186BC586000A4B82 /* DictionaryTests */ = {
			isa = PBXNativeTarget;
			buildConfigurationList = 7F437AC7186BC586000A4B82 /* Build configuration list for PBXNativeTarget "DictionaryTests" */;
			buildPhases = (
				7F437AAF186BC586000A4B82 /* Sources */,
				7F437AB0186BC586000A4B82 /* Frameworks */,
				7F437AB1186BC586000A4B82 /* Resources */,
			);
			buildRules = (
			);
			dependencies = (
				7F437AB9186BC586000A4B82 /* PBXTargetDependency */,
			);
			name = DictionaryTests;
			productName = DictionaryTests;
			productReference = 7F437AB3186BC586000A4B82 /* DictionaryTests.xctest */;
			productType = "com.apple.product-type.bundle.unit-test";
		};
/* End PBXNativeTarget section */

/* Begin PBXProject section */
		7F437A8A186BC586000A4B82 /* Project object */ = {
			isa = PBXProject;
			attributes = {
				CLASSPREFIX = MyDictionary;
				LastUpgradeCheck = 0500;
				ORGANIZATIONNAME = "Talita Gomes";
				TargetAttributes = {
					7F437AB2186BC586000A4B82 = {
						TestTargetID = 7F437A91186BC586000A4B82;
					};
				};
			};
			buildConfigurationList = 7F437A8D186BC586000A4B82 /* Build configuration list for PBXProject "Dictionary" */;
			compatibilityVersion = "Xcode 3.2";
			developmentRegion = English;
			hasScannedForEncodings = 0;
			knownRegions = (
				en,
				Base,
			);
			mainGroup = 7F437A89186BC586000A4B82;
			productRefGroup = 7F437A93186BC586000A4B82 /* Products */;
			projectDirPath = "";
			projectRoot = "";
			targets = (
				7F437A91186BC586000A4B82 /* Dictionary */,
				7F437AB2186BC586000A4B82 /* DictionaryTests */,
			);
		};
/* End PBXProject section */

/* Begin PBXResourcesBuildPhase section */
		7F437A90186BC586000A4B82 /* Resources */ = {
			isa = PBXResourcesBuildPhase;
			buildActionMask = 2147483647;
			files = (
				7F437AAE186BC586000A4B82 /* Images.xcassets in Resources */,
				7F437AA0186BC586000A4B82 /* InfoPlist.strings in Resources */,
				7F437AA9186BC586000A4B82 /* Main.storyboard in Resources */,
			);
			runOnlyForDeploymentPostprocessing = 0;
		};
		7F437AB1186BC586000A4B82 /* Resources */ = {
			isa = PBXResourcesBuildPhase;
			buildActionMask = 2147483647;
			files = (
				7F437ABF186BC586000A4B82 /* InfoPlist.strings in Resources */,
			);
			runOnlyForDeploymentPostprocessing = 0;
		};
/* End PBXResourcesBuildPhase section */

/* Begin PBXSourcesBuildPhase section */
		7F437A8E186BC586000A4B82 /* Sources */ = {
			isa = PBXSourcesBuildPhase;
			buildActionMask = 2147483647;
			files = (
				7F437AAC186BC586000A4B82 /* MyDictionaryViewController.m in Sources */,
				7F437AA6186BC586000A4B82 /* MyDictionaryAppDelegate.m in Sources */,
				7F437AA2186BC586000A4B82 /* main.m in Sources */,
			);
			runOnlyForDeploymentPostprocessing = 0;
		};
		7F437AAF186BC586000A4B82 /* Sources */ = {
			isa = PBXSourcesBuildPhase;
			buildActionMask = 2147483647;
			files = (
				7F437AC1186BC586000A4B82 /* DictionaryTests.m in Sources */,
			);
			runOnlyForDeploymentPostprocessing = 0;
		};
/* End PBXSourcesBuildPhase section */

/* Begin PBXTargetDependency section */
		7F437AB9186BC586000A4B82 /* PBXTargetDependency */ = {
			isa = PBXTargetDependency;
			target = 7F437A91186BC586000A4B82 /* Dictionary */;
			targetProxy = 7F437AB8186BC586000A4B82 /* PBXContainerItemProxy */;
		};
/* End PBXTargetDependency section */

/* Begin PBXVariantGroup section */
		7F437A9E186BC586000A4B82 /* InfoPlist.strings */ = {
			isa = PBXVariantGroup;
			children = (
				7F437A9F186BC586000A4B82 /* en */,
			);
			name = InfoPlist.strings;
			sourceTree = "<group>";
		};
		7F437AA7186BC586000A4B82 /* Main.storyboard */ = {
			isa = PBXVariantGroup;
			children = (
				7F437AA8186BC586000A4B82 /* Base */,
			);
			name = Main.storyboard;
			sourceTree = "<group>";
		};
		7F437ABD186BC586000A4B82 /* InfoPlist.strings */ = {
			isa = PBXVariantGroup;
			children = (
				7F437ABE186BC586000A4B82 /* en */,
			);
			name = InfoPlist.strings;
			sourceTree = "<group>";
		};
/* End PBXVariantGroup section */

/* Begin XCBuildConfiguration section */
		7F437AC2186BC586000A4B82 /* Debug */ = {
			isa = XCBuildConfiguration;
			buildSettings = {
				ALWAYS_SEARCH_USER_PATHS = NO;
				ARCHS = "$(ARCHS_STANDARD_INCLUDING_64_BIT)";
				CLANG_CXX_LANGUAGE_STANDARD = "gnu++0x";
				CLANG_CXX_LIBRARY = "libc++";
				CLANG_ENABLE_MODULES = YES;
				CLANG_ENABLE_OBJC_ARC = YES;
				CLANG_WARN_BOOL_CONVERSION = YES;
				CLANG_WARN_CONSTANT_CONVERSION = YES;
				CLANG_WARN_DIRECT_OBJC_ISA_USAGE = YES_ERROR;
				CLANG_WARN_EMPTY_BODY = YES;
				CLANG_WARN_ENUM_CONVERSION = YES;
				CLANG_WARN_INT_CONVERSION = YES;
				CLANG_WARN_OBJC_ROOT_CLASS = YES_ERROR;
				CLANG_WARN__DUPLICATE_METHOD_MATCH = YES;
				"CODE_SIGN_IDENTITY[sdk=iphoneos*]" = "iPhone Developer";
				COPY_PHASE_STRIP = NO;
				GCC_C_LANGUAGE_STANDARD = gnu99;
				GCC_DYNAMIC_NO_PIC = NO;
				GCC_OPTIMIZATION_LEVEL = 0;
				GCC_PREPROCESSOR_DEFINITIONS = (
					"DEBUG=1",
					"$(inherited)",
				);
				GCC_SYMBOLS_PRIVATE_EXTERN = NO;
				GCC_WARN_64_TO_32_BIT_CONVERSION = YES;
				GCC_WARN_ABOUT_RETURN_TYPE = YES_ERROR;
				GCC_WARN_UNDECLARED_SELECTOR = YES;
				GCC_WARN_UNINITIALIZED_AUTOS = YES;
				GCC_WARN_UNUSED_FUNCTION = YES;
				GCC_WARN_UNUSED_VARIABLE = YES;
				IPHONEOS_DEPLOYMENT_TARGET = 7.0;
				ONLY_ACTIVE_ARCH = YES;
				SDKROOT = iphoneos;
			};
			name = Debug;
		};
		7F437AC3186BC586000A4B82 /* Release */ = {
			isa = XCBuildConfiguration;
			buildSettings = {
				ALWAYS_SEARCH_USER_PATHS = NO;
				ARCHS = "$(ARCHS_STANDARD_INCLUDING_64_BIT)";
				CLANG_CXX_LANGUAGE_STANDARD = "gnu++0x";
				CLANG_CXX_LIBRARY = "libc++";
				CLANG_ENABLE_MODULES = YES;
				CLANG_ENABLE_OBJC_ARC = YES;
				CLANG_WARN_BOOL_CONVERSION = YES;
				CLANG_WARN_CONSTANT_CONVERSION = YES;
				CLANG_WARN_DIRECT_OBJC_ISA_USAGE = YES_ERROR;
				CLANG_WARN_EMPTY_BODY = YES;
				CLANG_WARN_ENUM_CONVERSION = YES;
				CLANG_WARN_INT_CONVERSION = YES;
				CLANG_WARN_OBJC_ROOT_CLASS = YES_ERROR;
				CLANG_WARN__DUPLICATE_METHOD_MATCH = YES;
				"CODE_SIGN_IDENTITY[sdk=iphoneos*]" = "iPhone Developer";
				COPY_PHASE_STRIP = YES;
				ENABLE_NS_ASSERTIONS = NO;
				GCC_C_LANGUAGE_STANDARD = gnu99;
				GCC_WARN_64_TO_32_BIT_CONVERSION = YES;
				GCC_WARN_ABOUT_RETURN_TYPE = YES_ERROR;
				GCC_WARN_UNDECLARED_SELECTOR = YES;
				GCC_WARN_UNINITIALIZED_AUTOS = YES;
				GCC_WARN_UNUSED_FUNCTION = YES;
				GCC_WARN_UNUSED_VARIABLE = YES;
				IPHONEOS_DEPLOYMENT_TARGET = 7.0;
				SDKROOT = iphoneos;
				VALIDATE_PRODUCT = YES;
			};
			name = Release;
		};
		7F437AC5186BC586000A4B82 /* Debug */ = {
			isa = XCBuildConfiguration;
			buildSettings = {
				ASSETCATALOG_COMPILER_APPICON_NAME = AppIcon;
				ASSETCATALOG_COMPILER_LAUNCHIMAGE_NAME = LaunchImage;
				GCC_PRECOMPILE_PREFIX_HEADER = YES;
				GCC_PREFIX_HEADER = "Dictionary/Dictionary-Prefix.pch";
				INFOPLIST_FILE = "Dictionary/Dictionary-Info.plist";
				PRODUCT_NAME = "$(TARGET_NAME)";
				WRAPPER_EXTENSION = app;
			};
			name = Debug;
		};
		7F437AC6186BC586000A4B82 /* Release */ = {
			isa = XCBuildConfiguration;
			buildSettings = {
				ASSETCATALOG_COMPILER_APPICON_NAME = AppIcon;
				ASSETCATALOG_COMPILER_LAUNCHIMAGE_NAME = LaunchImage;
				GCC_PRECOMPILE_PREFIX_HEADER = YES;
				GCC_PREFIX_HEADER = "Dictionary/Dictionary-Prefix.pch";
				INFOPLIST_FILE = "Dictionary/Dictionary-Info.plist";
				PRODUCT_NAME = "$(TARGET_NAME)";
				WRAPPER_EXTENSION = app;
			};
			name = Release;
		};
		7F437AC8186BC586000A4B82 /* Debug */ = {
			isa = XCBuildConfiguration;
			buildSettings = {
				ARCHS = "$(ARCHS_STANDARD_INCLUDING_64_BIT)";
				BUNDLE_LOADER = "$(BUILT_PRODUCTS_DIR)/Dictionary.app/Dictionary";
				FRAMEWORK_SEARCH_PATHS = (
					"$(SDKROOT)/Developer/Library/Frameworks",
					"$(inherited)",
					"$(DEVELOPER_FRAMEWORKS_DIR)",
				);
				GCC_PRECOMPILE_PREFIX_HEADER = YES;
				GCC_PREFIX_HEADER = "Dictionary/Dictionary-Prefix.pch";
				GCC_PREPROCESSOR_DEFINITIONS = (
					"DEBUG=1",
					"$(inherited)",
				);
				INFOPLIST_FILE = "DictionaryTests/DictionaryTests-Info.plist";
				PRODUCT_NAME = "$(TARGET_NAME)";
				TEST_HOST = "$(BUNDLE_LOADER)";
				WRAPPER_EXTENSION = xctest;
			};
			name = Debug;
		};
		7F437AC9186BC586000A4B82 /* Release */ = {
			isa = XCBuildConfiguration;
			buildSettings = {
				ARCHS = "$(ARCHS_STANDARD_INCLUDING_64_BIT)";
				BUNDLE_LOADER = "$(BUILT_PRODUCTS_DIR)/Dictionary.app/Dictionary";
				FRAMEWORK_SEARCH_PATHS = (
					"$(SDKROOT)/Developer/Library/Frameworks",
					"$(inherited)",
					"$(DEVELOPER_FRAMEWORKS_DIR)",
				);
				GCC_PRECOMPILE_PREFIX_HEADER = YES;
				GCC_PREFIX_HEADER = "Dictionary/Dictionary-Prefix.pch";
				INFOPLIST_FILE = "DictionaryTests/DictionaryTests-Info.plist";
				PRODUCT_NAME = "$(TARGET_NAME)";
				TEST_HOST = "$(BUNDLE_LOADER)";
				WRAPPER_EXTENSION = xctest;
			};
			name = Release;
		};
/* End XCBuildConfiguration section */

/* Begin XCConfigurationList section */
		7F437A8D186BC586000A4B82 /* Build configuration list for PBXProject "Dictionary" */ = {
			isa = XCConfigurationList;
			buildConfigurations = (
				7F437AC2186BC586000A4B82 /* Debug */,
				7F437AC3186BC586000A4B82 /* Release */,
			);
			defaultConfigurationIsVisible = 0;
			defaultConfigurationName = Release;
		};
		7F437AC4186BC586000A4B82 /* Build configuration list for PBXNativeTarget "Dictionary" */ = {
			isa = XCConfigurationList;
			buildConfigurations = (
				7F437AC5186BC586000A4B82 /* Debug */,
				7F437AC6186BC586000A4B82 /* Release */,
			);
			defaultConfigurationIsVisible = 0;
		};
		7F437AC7186BC586000A4B82 /* Build configuration list for PBXNativeTarget "DictionaryTests" */ = {
			isa = XCConfigurationList;
			buildConfigurations = (
				7F437AC8186BC586000A4B82 /* Debug */,
				7F437AC9186BC586000A4B82 /* Release */,
			);
			defaultConfigurationIsVisible = 0;
		};
/* End XCConfigurationList section */
	};
	rootObject = 7F437A8A186BC586000A4B82 /* Project object */;
}
